// !$*UTF8*$!
{
	archiveVersion = 1;
	classes = {
	};
	objectVersion = 45;
	objects = {

/* Begin PBXBuildFile section */
		1D60589F0D05DD5A006BFB54 /* Foundation.framework in Frameworks */ = {isa = PBXBuildFile; fileRef = 1D30AB110D05D00D00671497 /* Foundation.framework */; };
		1DF5F4E00D08C38300B7A737 /* UIKit.framework in Frameworks */ = {isa = PBXBuildFile; fileRef = 1DF5F4DF0D08C38300B7A737 /* UIKit.framework */; };
		28AD733F0D9D9553002E5188 /* MainWindow.xib in Resources */ = {isa = PBXBuildFile; fileRef = 28AD733E0D9D9553002E5188 /* MainWindow.xib */; };
		28EC4C5A11D54ECE0027AA9F /* stc_iphoneViewController.xib in Resources */ = {isa = PBXBuildFile; fileRef = 28EC4C5811D54ECE0027AA9F /* stc_iphoneViewController.xib */; };
		28FD15000DC6FC520079059D /* OpenGLES.framework in Frameworks */ = {isa = PBXBuildFile; fileRef = 28FD14FF0DC6FC520079059D /* OpenGLES.framework */; };
		28FD15080DC6FC5B0079059D /* QuartzCore.framework in Frameworks */ = {isa = PBXBuildFile; fileRef = 28FD15070DC6FC5B0079059D /* QuartzCore.framework */; };
		8B6BAD121451C902009654EB /* CoreGraphics.framework in Frameworks */ = {isa = PBXBuildFile; fileRef = 8B6BAD111451C902009654EB /* CoreGraphics.framework */; };
		B909CD1D13201AD500F8BECF /* EAGLView.m in Sources */ = {isa = PBXBuildFile; fileRef = B909CD1713201AD500F8BECF /* EAGLView.m */; };
		B909CD1E13201AD500F8BECF /* main.m in Sources */ = {isa = PBXBuildFile; fileRef = B909CD1813201AD500F8BECF /* main.m */; };
		B909CD1F13201AD500F8BECF /* stcAppDelegate.mm in Sources */ = {isa = PBXBuildFile; fileRef = B909CD1A13201AD500F8BECF /* stcAppDelegate.mm */; };
		B909CD2013201AD500F8BECF /* stcViewController.mm in Sources */ = {isa = PBXBuildFile; fileRef = B909CD1C13201AD500F8BECF /* stcViewController.mm */; };
		B91AD31C132027460045DE81 /* game.cpp in Sources */ = {isa = PBXBuildFile; fileRef = B91AD319132027460045DE81 /* game.cpp */; };
		B91AD31E13205B460045DE81 /* PlatformObjC.mm in Sources */ = {isa = PBXBuildFile; fileRef = B91AD31D13205B460045DE81 /* PlatformObjC.mm */; };
		B91AD32513205F830045DE81 /* TargaImage.cpp in Sources */ = {isa = PBXBuildFile; fileRef = B91AD32313205F830045DE81 /* TargaImage.cpp */; };
		B91AD329132066BB0045DE81 /* back.tga in Resources */ = {isa = PBXBuildFile; fileRef = B91AD328132066BB0045DE81 /* back.tga */; };
/* End PBXBuildFile section */

/* Begin PBXFileReference section */
		1D30AB110D05D00D00671497 /* Foundation.framework */ = {isa = PBXFileReference; lastKnownFileType = wrapper.framework; name = Foundation.framework; path = System/Library/Frameworks/Foundation.framework; sourceTree = SDKROOT; };
		1D6058910D05DD3D006BFB54 /* stc-iphone.app */ = {isa = PBXFileReference; explicitFileType = wrapper.application; includeInIndex = 0; path = "stc-iphone.app"; sourceTree = BUILT_PRODUCTS_DIR; };
		1DF5F4DF0D08C38300B7A737 /* UIKit.framework */ = {isa = PBXFileReference; lastKnownFileType = wrapper.framework; name = UIKit.framework; path = System/Library/Frameworks/UIKit.framework; sourceTree = SDKROOT; };
		28AD733E0D9D9553002E5188 /* MainWindow.xib */ = {isa = PBXFileReference; lastKnownFileType = file.xib; path = MainWindow.xib; sourceTree = "<group>"; };
		28EC4C5811D54ECE0027AA9F /* stc_iphoneViewController.xib */ = {isa = PBXFileReference; lastKnownFileType = file.xib; path = stc_iphoneViewController.xib; sourceTree = "<group>"; };
		28FD14FF0DC6FC520079059D /* OpenGLES.framework */ = {isa = PBXFileReference; lastKnownFileType = wrapper.framework; name = OpenGLES.framework; path = System/Library/Frameworks/OpenGLES.framework; sourceTree = SDKROOT; };
		28FD15070DC6FC5B0079059D /* QuartzCore.framework */ = {isa = PBXFileReference; lastKnownFileType = wrapper.framework; name = QuartzCore.framework; path = System/Library/Frameworks/QuartzCore.framework; sourceTree = SDKROOT; };
		32CA4F630368D1EE00C91783 /* stc_iphone_Prefix.pch */ = {isa = PBXFileReference; fileEncoding = 4; lastKnownFileType = sourcecode.c.h; path = stc_iphone_Prefix.pch; sourceTree = "<group>"; };
		8B6BAD111451C902009654EB /* CoreGraphics.framework */ = {isa = PBXFileReference; lastKnownFileType = wrapper.framework; name = CoreGraphics.framework; path = System/Library/Frameworks/CoreGraphics.framework; sourceTree = SDKROOT; };
		8D1107310486CEB800E47090 /* stc_iphone-Info.plist */ = {isa = PBXFileReference; fileEncoding = 4; lastKnownFileType = text.plist.xml; path = "stc_iphone-Info.plist"; plistStructureDefinitionIdentifier = "com.apple.xcode.plist.structure-definition.iphone.info-plist"; sourceTree = "<group>"; };
		B909CD1613201AD500F8BECF /* EAGLView.h */ = {isa = PBXFileReference; fileEncoding = 4; lastKnownFileType = sourcecode.c.h; path = EAGLView.h; sourceTree = "<group>"; };
		B909CD1713201AD500F8BECF /* EAGLView.m */ = {isa = PBXFileReference; fileEncoding = 4; lastKnownFileType = sourcecode.c.objc; path = EAGLView.m; sourceTree = "<group>"; };
		B909CD1813201AD500F8BECF /* main.m */ = {isa = PBXFileReference; fileEncoding = 4; lastKnownFileType = sourcecode.c.objc; path = main.m; sourceTree = "<group>"; };
		B909CD1913201AD500F8BECF /* stcAppDelegate.h */ = {isa = PBXFileReference; fileEncoding = 4; lastKnownFileType = sourcecode.c.h; path = stcAppDelegate.h; sourceTree = "<group>"; };
		B909CD1A13201AD500F8BECF /* stcAppDelegate.mm */ = {isa = PBXFileReference; fileEncoding = 4; lastKnownFileType = sourcecode.cpp.objcpp; path = stcAppDelegate.mm; sourceTree = "<group>"; };
		B909CD1B13201AD500F8BECF /* stcViewController.h */ = {isa = PBXFileReference; fileEncoding = 4; lastKnownFileType = sourcecode.c.h; path = stcViewController.h; sourceTree = "<group>"; };
		B909CD1C13201AD500F8BECF /* stcViewController.mm */ = {isa = PBXFileReference; fileEncoding = 4; lastKnownFileType = sourcecode.cpp.objcpp; path = stcViewController.mm; sourceTree = "<group>"; };
		B91AD319132027460045DE81 /* game.cpp */ = {isa = PBXFileReference; fileEncoding = 4; lastKnownFileType = sourcecode.cpp.cpp; name = game.cpp; path = ../../trunk/src/game.cpp; sourceTree = SOURCE_ROOT; };
		B91AD31A132027460045DE81 /* game.hpp */ = {isa = PBXFileReference; fileEncoding = 4; lastKnownFileType = sourcecode.cpp.h; name = game.hpp; path = ../../trunk/src/game.hpp; sourceTree = SOURCE_ROOT; };
		B91AD31B132027460045DE81 /* platform.hpp */ = {isa = PBXFileReference; fileEncoding = 4; lastKnownFileType = sourcecode.cpp.h; name = platform.hpp; path = ../../trunk/src/platform.hpp; sourceTree = SOURCE_ROOT; };
		B91AD31D13205B460045DE81 /* PlatformObjC.mm */ = {isa = PBXFileReference; fileEncoding = 4; lastKnownFileType = sourcecode.cpp.objcpp; path = PlatformObjC.mm; sourceTree = "<group>"; };
		B91AD32013205D280045DE81 /* PlatformObjC.hpp */ = {isa = PBXFileReference; fileEncoding = 4; lastKnownFileType = sourcecode.cpp.h; path = PlatformObjC.hpp; sourceTree = "<group>"; };
		B91AD32313205F830045DE81 /* TargaImage.cpp */ = {isa = PBXFileReference; fileEncoding = 4; lastKnownFileType = sourcecode.cpp.cpp; path = TargaImage.cpp; sourceTree = "<group>"; };
		B91AD32413205F830045DE81 /* TargaImage.h */ = {isa = PBXFileReference; fileEncoding = 4; lastKnownFileType = sourcecode.c.h; path = TargaImage.h; sourceTree = "<group>"; };
		B91AD328132066BB0045DE81 /* back.tga */ = {isa = PBXFileReference; lastKnownFileType = file; name = back.tga; path = ../OpenGL/bin/back.tga; sourceTree = SOURCE_ROOT; };
/* End PBXFileReference section */

/* Begin PBXFrameworksBuildPhase section */
		1D60588F0D05DD3D006BFB54 /* Frameworks */ = {
			isa = PBXFrameworksBuildPhase;
			buildActionMask = 2147483647;
			files = (
				1D60589F0D05DD5A006BFB54 /* Foundation.framework in Frameworks */,
				1DF5F4E00D08C38300B7A737 /* UIKit.framework in Frameworks */,
				28FD15000DC6FC520079059D /* OpenGLES.framework in Frameworks */,
				28FD15080DC6FC5B0079059D /* QuartzCore.framework in Frameworks */,
				8B6BAD121451C902009654EB /* CoreGraphics.framework in Frameworks */,
			);
			runOnlyForDeploymentPostprocessing = 0;
		};
/* End PBXFrameworksBuildPhase section */

/* Begin PBXGroup section */
		19C28FACFE9D520D11CA2CBB /* Products */ = {
			isa = PBXGroup;
			children = (
				1D6058910D05DD3D006BFB54 /* stc-iphone.app */,
			);
			name = Products;
			sourceTree = "<group>";
		};
		29B97314FDCFA39411CA2CEA /* CustomTemplate */ = {
			isa = PBXGroup;
			children = (
				B91AD32213205F830045DE81 /* targa */,
				B91AD30D1320271B0045DE81 /* stc */,
				B909CD1513201AD500F8BECF /* src */,
				29B97315FDCFA39411CA2CEA /* Other Sources */,
				29B97317FDCFA39411CA2CEA /* Resources */,
				29B97323FDCFA39411CA2CEA /* Frameworks */,
				19C28FACFE9D520D11CA2CBB /* Products */,
			);
			name = CustomTemplate;
			sourceTree = "<group>";
		};
		29B97315FDCFA39411CA2CEA /* Other Sources */ = {
			isa = PBXGroup;
			children = (
				32CA4F630368D1EE00C91783 /* stc_iphone_Prefix.pch */,
			);
			name = "Other Sources";
			sourceTree = "<group>";
		};
		29B97317FDCFA39411CA2CEA /* Resources */ = {
			isa = PBXGroup;
			children = (
				B91AD328132066BB0045DE81 /* back.tga */,
				28EC4C5811D54ECE0027AA9F /* stc_iphoneViewController.xib */,
				28AD733E0D9D9553002E5188 /* MainWindow.xib */,
				8D1107310486CEB800E47090 /* stc_iphone-Info.plist */,
			);
			name = Resources;
			sourceTree = "<group>";
		};
		29B97323FDCFA39411CA2CEA /* Frameworks */ = {
			isa = PBXGroup;
			children = (
				28FD15070DC6FC5B0079059D /* QuartzCore.framework */,
				28FD14FF0DC6FC520079059D /* OpenGLES.framework */,
				1DF5F4DF0D08C38300B7A737 /* UIKit.framework */,
				1D30AB110D05D00D00671497 /* Foundation.framework */,
				8B6BAD111451C902009654EB /* CoreGraphics.framework */,
			);
			name = Frameworks;
			sourceTree = "<group>";
		};
		B909CD1513201AD500F8BECF /* src */ = {
			isa = PBXGroup;
			children = (
				B91AD32013205D280045DE81 /* PlatformObjC.hpp */,
				B91AD31D13205B460045DE81 /* PlatformObjC.mm */,
				B909CD1613201AD500F8BECF /* EAGLView.h */,
				B909CD1713201AD500F8BECF /* EAGLView.m */,
				B909CD1813201AD500F8BECF /* main.m */,
				B909CD1913201AD500F8BECF /* stcAppDelegate.h */,
				B909CD1A13201AD500F8BECF /* stcAppDelegate.mm */,
				B909CD1B13201AD500F8BECF /* stcViewController.h */,
				B909CD1C13201AD500F8BECF /* stcViewController.mm */,
			);
			path = src;
			sourceTree = "<group>";
		};
		B91AD30D1320271B0045DE81 /* stc */ = {
			isa = PBXGroup;
			children = (
				B91AD319132027460045DE81 /* game.cpp */,
				B91AD31A132027460045DE81 /* game.hpp */,
				B91AD31B132027460045DE81 /* platform.hpp */,
			);
			name = stc;
			sourceTree = "<group>";
		};
		B91AD32213205F830045DE81 /* targa */ = {
			isa = PBXGroup;
			children = (
				B91AD32313205F830045DE81 /* TargaImage.cpp */,
				B91AD32413205F830045DE81 /* TargaImage.h */,
			);
			name = targa;
			path = ../OpenGL/src/targa;
			sourceTree = SOURCE_ROOT;
		};
/* End PBXGroup section */

/* Begin PBXNativeTarget section */
		1D6058900D05DD3D006BFB54 /* stc-iphone */ = {
			isa = PBXNativeTarget;
			buildConfigurationList = 1D6058960D05DD3E006BFB54 /* Build configuration list for PBXNativeTarget "stc-iphone" */;
			buildPhases = (
				1D60588D0D05DD3D006BFB54 /* Resources */,
				1D60588E0D05DD3D006BFB54 /* Sources */,
				1D60588F0D05DD3D006BFB54 /* Frameworks */,
			);
			buildRules = (
			);
			dependencies = (
			);
			name = "stc-iphone";
			productName = "stc-iphone";
			productReference = 1D6058910D05DD3D006BFB54 /* stc-iphone.app */;
			productType = "com.apple.product-type.application";
		};
/* End PBXNativeTarget section */

/* Begin PBXProject section */
		29B97313FDCFA39411CA2CEA /* Project object */ = {
			isa = PBXProject;
			buildConfigurationList = C01FCF4E08A954540054247B /* Build configuration list for PBXProject "stc-iphone" */;
			compatibilityVersion = "Xcode 3.1";
			developmentRegion = English;
			hasScannedForEncodings = 1;
			knownRegions = (
				English,
				Japanese,
				French,
				German,
			);
			mainGroup = 29B97314FDCFA39411CA2CEA /* CustomTemplate */;
			projectDirPath = "";
			projectRoot = "";
			targets = (
				1D6058900D05DD3D006BFB54 /* stc-iphone */,
			);
		};
/* End PBXProject section */

/* Begin PBXResourcesBuildPhase section */
		1D60588D0D05DD3D006BFB54 /* Resources */ = {
			isa = PBXResourcesBuildPhase;
			buildActionMask = 2147483647;
			files = (
				28AD733F0D9D9553002E5188 /* MainWindow.xib in Resources */,
				28EC4C5A11D54ECE0027AA9F /* stc_iphoneViewController.xib in Resources */,
				B91AD329132066BB0045DE81 /* back.tga in Resources */,
			);
			runOnlyForDeploymentPostprocessing = 0;
		};
/* End PBXResourcesBuildPhase section */

/* Begin PBXSourcesBuildPhase section */
		1D60588E0D05DD3D006BFB54 /* Sources */ = {
			isa = PBXSourcesBuildPhase;
			buildActionMask = 2147483647;
			files = (
				B909CD1D13201AD500F8BECF /* EAGLView.m in Sources */,
				B909CD1E13201AD500F8BECF /* main.m in Sources */,
				B909CD1F13201AD500F8BECF /* stcAppDelegate.mm in Sources */,
				B909CD2013201AD500F8BECF /* stcViewController.mm in Sources */,
				B91AD31C132027460045DE81 /* game.cpp in Sources */,
				B91AD31E13205B460045DE81 /* PlatformObjC.mm in Sources */,
				B91AD32513205F830045DE81 /* TargaImage.cpp in Sources */,
			);
			runOnlyForDeploymentPostprocessing = 0;
		};
/* End PBXSourcesBuildPhase section */

/* Begin XCBuildConfiguration section */
		1D6058940D05DD3E006BFB54 /* Debug */ = {
			isa = XCBuildConfiguration;
			buildSettings = {
				ALWAYS_SEARCH_USER_PATHS = NO;
				COPY_PHASE_STRIP = NO;
				GCC_DYNAMIC_NO_PIC = NO;
				GCC_OPTIMIZATION_LEVEL = 0;
				GCC_PRECOMPILE_PREFIX_HEADER = YES;
				GCC_PREFIX_HEADER = stc_iphone_Prefix.pch;
				GCC_PREPROCESSOR_DEFINITIONS = (
					STC_AUTO_ROTATION,
					STC_WALL_KICK_ENABLED,
					STC_SHOW_GHOST_PIECE,
					DEBUG,
				);
				"GCC_THUMB_SUPPORT[arch=armv6]" = "";
				INFOPLIST_FILE = "stc_iphone-Info.plist";
				PRODUCT_NAME = "stc-iphone";
			};
			name = Debug;
		};
		1D6058950D05DD3E006BFB54 /* Release */ = {
			isa = XCBuildConfiguration;
			buildSettings = {
				ALWAYS_SEARCH_USER_PATHS = NO;
				COPY_PHASE_STRIP = YES;
				GCC_PRECOMPILE_PREFIX_HEADER = YES;
				GCC_PREFIX_HEADER = stc_iphone_Prefix.pch;
				GCC_PREPROCESSOR_DEFINITIONS = (
					STC_AUTO_ROTATION,
					STC_WALL_KICK_ENABLED,
					STC_SHOW_GHOST_PIECE,
				);
				"GCC_THUMB_SUPPORT[arch=armv6]" = "";
				INFOPLIST_FILE = "stc_iphone-Info.plist";
				PRODUCT_NAME = "stc-iphone";
				VALIDATE_PRODUCT = YES;
			};
			name = Release;
		};
		C01FCF4F08A954540054247B /* Debug */ = {
			isa = XCBuildConfiguration;
			buildSettings = {
				ARCHS = "$(ARCHS_STANDARD_32_BIT)";
				"CODE_SIGN_IDENTITY[sdk=iphoneos*]" = "iPhone Developer";
				GCC_C_LANGUAGE_STANDARD = c99;
				GCC_PREPROCESSOR_DEFINITIONS = DEBUG;
				GCC_WARN_ABOUT_RETURN_TYPE = YES;
				GCC_WARN_UNUSED_VARIABLE = YES;
				IPHONEOS_DEPLOYMENT_TARGET = 4.2;
				PREBINDING = NO;
				SDKROOT = iphoneos;
			};
			name = Debug;
		};
		C01FCF5008A954540054247B /* Release */ = {
			isa = XCBuildConfiguration;
			buildSettings = {
				ARCHS = "$(ARCHS_STANDARD_32_BIT)";
				"CODE_SIGN_IDENTITY[sdk=iphoneos*]" = "iPhone Developer";
				GCC_C_LANGUAGE_STANDARD = c99;
				GCC_WARN_ABOUT_RETURN_TYPE = YES;
				GCC_WARN_UNUSED_VARIABLE = YES;
				IPHONEOS_DEPLOYMENT_TARGET = 4.2;
				OTHER_CFLAGS = "-DNS_BLOCK_ASSERTIONS=1";
				PREBINDING = NO;
				SDKROOT = iphoneos;
			};
			name = Release;
		};
/* End XCBuildConfiguration section */

/* Begin XCConfigurationList section */
		1D6058960D05DD3E006BFB54 /* Build configuration list for PBXNativeTarget "stc-iphone" */ = {
			isa = XCConfigurationList;
			buildConfigurations = (
				1D6058940D05DD3E006BFB54 /* Debug */,
				1D6058950D05DD3E006BFB54 /* Release */,
			);
			defaultConfigurationIsVisible = 0;
			defaultConfigurationName = Release;
		};
		C01FCF4E08A954540054247B /* Build configuration list for PBXProject "stc-iphone" */ = {
			isa = XCConfigurationList;
			buildConfigurations = (
				C01FCF4F08A954540054247B /* Debug */,
				C01FCF5008A954540054247B /* Release */,
			);
			defaultConfigurationIsVisible = 0;
			defaultConfigurationName = Release;
		};
/* End XCConfigurationList section */
	};
	rootObject = 29B97313FDCFA39411CA2CEA /* Project object */;
}
